
Microsoft Visual Studio Solution File, Format Version 12.00
# Visual Studio Version 17
VisualStudioVersion = 17.6.33723.286
MinimumVisualStudioVersion = 10.0.40219.1
Project("{FAE04EC0-301F-11D3-BF4B-00C04F79EFBC}") = "PropProAssistant", "PropProAssistant\PropProAssistant.csproj", "{B19ED809-7E71-4A31-8053-2F64642A3CD3}"
EndProject
Global
	GlobalSection(SolutionConfigurationPlatforms) = preSolution
		Debug|Any CPU = Debug|Any CPU
		Release|Any CPU = Release|Any CPU
	EndGlobalSection
	GlobalSection(ProjectConfigurationPlatforms) = postSolution
		{B19ED809-7E71-4A31-8053-2F64642A3CD3}.Debug|Any CPU.ActiveCfg = Debug|Any CPU
		{B19ED809-7E71-4A31-8053-2F64642A3CD3}.Debug|Any CPU.Build.0 = Debug|Any CPU
		{B19ED809-7E71-4A31-8053-2F64642A3CD3}.Release|Any CPU.ActiveCfg = Release|Any CPU
		{B19ED809-7E71-4A31-8053-2F64642A3CD3}.Release|Any CPU.Build.0 = Release|Any CPU
	EndGlobalSection
	GlobalSection(SolutionProperties) = preSolution
		HideSolutionNode = FALSE
	EndGlobalSection
	GlobalSection(ExtensibilityGlobals) = postSolution
		SolutionGuid = {6115E6FF-22E9-4FEB-B0A2-896C2BDA9500}
	EndGlobalSection
EndGlobal
